
Microsoft Visual Studio Solution File, Format Version 12.00
# Visual Studio Version 17
VisualStudioVersion = 17.3.32825.248
MinimumVisualStudioVersion = 10.0.40219.1
Project("{9A19103F-16F7-4668-BE54-9A1E7A4F7556}") = "PDFTester", "PDFTester\PDFTester.csproj", "{D3F91E80-5F34-42B1-8F89-3493B8DBCD20}"
EndProject
Project("{9A19103F-16F7-4668-BE54-9A1E7A4F7556}") = "PDFWriter", "PDFWriter\PDFWriter.csproj", "{65987B37-D624-4C09-971C-7DFC45A26509}"
EndProject
Global
	GlobalSection(SolutionConfigurationPlatforms) = preSolution
		Debug|Any CPU = Debug|Any CPU
		Release|Any CPU = Release|Any CPU
	EndGlobalSection
	GlobalSection(ProjectConfigurationPlatforms) = postSolution
		{D3F91E80-5F34-42B1-8F89-3493B8DBCD20}.Debug|Any CPU.ActiveCfg = Debug|Any CPU
		{D3F91E80-5F34-42B1-8F89-3493B8DBCD20}.Debug|Any CPU.Build.0 = Debug|Any CPU
		{D3F91E80-5F34-42B1-8F89-3493B8DBCD20}.Release|Any CPU.ActiveCfg = Release|Any CPU
		{D3F91E80-5F34-42B1-8F89-3493B8DBCD20}.Release|Any CPU.Build.0 = Release|Any CPU
		{65987B37-D624-4C09-971C-7DFC45A26509}.Debug|Any CPU.ActiveCfg = Debug|Any CPU
		{65987B37-D624-4C09-971C-7DFC45A26509}.Debug|Any CPU.Build.0 = Debug|Any CPU
		{65987B37-D624-4C09-971C-7DFC45A26509}.Release|Any CPU.ActiveCfg = Release|Any CPU
		{65987B37-D624-4C09-971C-7DFC45A26509}.Release|Any CPU.Build.0 = Release|Any CPU
	EndGlobalSection
	GlobalSection(SolutionProperties) = preSolution
		HideSolutionNode = FALSE
	EndGlobalSection
	GlobalSection(ExtensibilityGlobals) = postSolution
		SolutionGuid = {68BACF2B-0DB1-4E7B-BEFC-AE3AFE0CF9BF}
	EndGlobalSection
EndGlobal
